// !$*UTF8*$!
{
	archiveVersion = 1;
	classes = {
	};
	objectVersion = 46;
	objects = {

/* Begin PBXBuildFile section */
		ED578B811E5854EB004BFF32 /* MMYetronomeSetlistViewController.swift in Sources */ = {isa = PBXBuildFile; fileRef = ED578B801E5854EB004BFF32 /* MMYetronomeSetlistViewController.swift */; };
		ED62F0F01E1A4FF10055813D /* AppDelegate.swift in Sources */ = {isa = PBXBuildFile; fileRef = ED62F0EF1E1A4FF10055813D /* AppDelegate.swift */; };
		ED62F0F21E1A4FF10055813D /* MMYControllCenterViewController.swift in Sources */ = {isa = PBXBuildFile; fileRef = ED62F0F11E1A4FF10055813D /* MMYControllCenterViewController.swift */; };
		ED62F0F51E1A4FF10055813D /* Main.storyboard in Resources */ = {isa = PBXBuildFile; fileRef = ED62F0F31E1A4FF10055813D /* Main.storyboard */; };
		ED62F0F71E1A4FF10055813D /* Assets.xcassets in Resources */ = {isa = PBXBuildFile; fileRef = ED62F0F61E1A4FF10055813D /* Assets.xcassets */; };
		ED62F0FA1E1A4FF10055813D /* LaunchScreen.storyboard in Resources */ = {isa = PBXBuildFile; fileRef = ED62F0F81E1A4FF10055813D /* LaunchScreen.storyboard */; };
		ED62F1021E1A5E480055813D /* MMYetronome.swift in Sources */ = {isa = PBXBuildFile; fileRef = ED62F1011E1A5E480055813D /* MMYetronome.swift */; };
		FA659B91110A6EB6DBF3BA7B /* Pods_MMYetronome.framework in Frameworks */ = {isa = PBXBuildFile; fileRef = F96B8FBAFF33BBBE5C102CAA /* Pods_MMYetronome.framework */; };
/* End PBXBuildFile section */

/* Begin PBXFileReference section */
		DBBA1825984A9A1A6799CD3C /* Pods-MMYetronome.release.xcconfig */ = {isa = PBXFileReference; includeInIndex = 1; lastKnownFileType = text.xcconfig; name = "Pods-MMYetronome.release.xcconfig"; path = "Pods/Target Support Files/Pods-MMYetronome/Pods-MMYetronome.release.xcconfig"; sourceTree = "<group>"; };
		ED578B801E5854EB004BFF32 /* MMYetronomeSetlistViewController.swift */ = {isa = PBXFileReference; fileEncoding = 4; lastKnownFileType = sourcecode.swift; path = MMYetronomeSetlistViewController.swift; sourceTree = "<group>"; };
		ED62F0EC1E1A4FF10055813D /* MMYetronome.app */ = {isa = PBXFileReference; explicitFileType = wrapper.application; includeInIndex = 0; path = MMYetronome.app; sourceTree = BUILT_PRODUCTS_DIR; };
		ED62F0EF1E1A4FF10055813D /* AppDelegate.swift */ = {isa = PBXFileReference; lastKnownFileType = sourcecode.swift; path = AppDelegate.swift; sourceTree = "<group>"; };
		ED62F0F11E1A4FF10055813D /* MMYControllCenterViewController.swift */ = {isa = PBXFileReference; lastKnownFileType = sourcecode.swift; path = MMYControllCenterViewController.swift; sourceTree = "<group>"; };
		ED62F0F41E1A4FF10055813D /* Base */ = {isa = PBXFileReference; lastKnownFileType = file.storyboard; name = Base; path = Base.lproj/Main.storyboard; sourceTree = "<group>"; };
		ED62F0F61E1A4FF10055813D /* Assets.xcassets */ = {isa = PBXFileReference; lastKnownFileType = folder.assetcatalog; path = Assets.xcassets; sourceTree = "<group>"; };
		ED62F0F91E1A4FF10055813D /* Base */ = {isa = PBXFileReference; lastKnownFileType = file.storyboard; name = Base; path = Base.lproj/LaunchScreen.storyboard; sourceTree = "<group>"; };
		ED62F0FB1E1A4FF10055813D /* Info.plist */ = {isa = PBXFileReference; lastKnownFileType = text.plist.xml; path = Info.plist; sourceTree = "<group>"; };
		ED62F1011E1A5E480055813D /* MMYetronome.swift */ = {isa = PBXFileReference; fileEncoding = 4; lastKnownFileType = sourcecode.swift; path = MMYetronome.swift; sourceTree = "<group>"; };
		F01D1F1DBA0D65D431DB82F0 /* Pods-MMYetronome.debug.xcconfig */ = {isa = PBXFileReference; includeInIndex = 1; lastKnownFileType = text.xcconfig; name = "Pods-MMYetronome.debug.xcconfig"; path = "Pods/Target Support Files/Pods-MMYetronome/Pods-MMYetronome.debug.xcconfig"; sourceTree = "<group>"; };
		F96B8FBAFF33BBBE5C102CAA /* Pods_MMYetronome.framework */ = {isa = PBXFileReference; explicitFileType = wrapper.framework; includeInIndex = 0; path = Pods_MMYetronome.framework; sourceTree = BUILT_PRODUCTS_DIR; };
/* End PBXFileReference section */

/* Begin PBXFrameworksBuildPhase section */
		ED62F0E91E1A4FF10055813D /* Frameworks */ = {
			isa = PBXFrameworksBuildPhase;
			buildActionMask = 2147483647;
			files = (
				FA659B91110A6EB6DBF3BA7B /* Pods_MMYetronome.framework in Frameworks */,
			);
			runOnlyForDeploymentPostprocessing = 0;
		};
/* End PBXFrameworksBuildPhase section */

/* Begin PBXGroup section */
		97629992AB1C0064AC35F8EC /* Pods */ = {
			isa = PBXGroup;
			children = (
				F01D1F1DBA0D65D431DB82F0 /* Pods-MMYetronome.debug.xcconfig */,
				DBBA1825984A9A1A6799CD3C /* Pods-MMYetronome.release.xcconfig */,
			);
			name = Pods;
			sourceTree = "<group>";
		};
		DC019E14A62503644FA45D1A /* Frameworks */ = {
			isa = PBXGroup;
			children = (
				F96B8FBAFF33BBBE5C102CAA /* Pods_MMYetronome.framework */,
			);
			name = Frameworks;
			sourceTree = "<group>";
		};
		ED62F0E31E1A4FF10055813D = {
			isa = PBXGroup;
			children = (
				ED62F0EE1E1A4FF10055813D /* MMYetronome */,
				ED62F0ED1E1A4FF10055813D /* Products */,
				97629992AB1C0064AC35F8EC /* Pods */,
				DC019E14A62503644FA45D1A /* Frameworks */,
			);
			sourceTree = "<group>";
		};
		ED62F0ED1E1A4FF10055813D /* Products */ = {
			isa = PBXGroup;
			children = (
				ED62F0EC1E1A4FF10055813D /* MMYetronome.app */,
			);
			name = Products;
			sourceTree = "<group>";
		};
		ED62F0EE1E1A4FF10055813D /* MMYetronome */ = {
			isa = PBXGroup;
			children = (
				ED62F0EF1E1A4FF10055813D /* AppDelegate.swift */,
				ED62F0F11E1A4FF10055813D /* MMYControllCenterViewController.swift */,
				ED578B801E5854EB004BFF32 /* MMYetronomeSetlistViewController.swift */,
				ED62F1011E1A5E480055813D /* MMYetronome.swift */,
				ED62F0F31E1A4FF10055813D /* Main.storyboard */,
				ED62F0F61E1A4FF10055813D /* Assets.xcassets */,
				ED62F0F81E1A4FF10055813D /* LaunchScreen.storyboard */,
				ED62F0FB1E1A4FF10055813D /* Info.plist */,
			);
			path = MMYetronome;
			sourceTree = "<group>";
		};
/* End PBXGroup section */

/* Begin PBXNativeTarget section */
		ED62F0EB1E1A4FF10055813D /* MMYetronome */ = {
			isa = PBXNativeTarget;
			buildConfigurationList = ED62F0FE1E1A4FF10055813D /* Build configuration list for PBXNativeTarget "MMYetronome" */;
			buildPhases = (
				2290077EACA2281B1874BC9E /* [CP] Check Pods Manifest.lock */,
				ED62F0E81E1A4FF10055813D /* Sources */,
				ED62F0E91E1A4FF10055813D /* Frameworks */,
				ED62F0EA1E1A4FF10055813D /* Resources */,
				586C8D091104E772AAE803D4 /* [CP] Embed Pods Frameworks */,
				0C37CF4D6BA3B46AB3DFAA85 /* [CP] Copy Pods Resources */,
			);
			buildRules = (
			);
			dependencies = (
			);
			name = MMYetronome;
			productName = MMYetronome;
			productReference = ED62F0EC1E1A4FF10055813D /* MMYetronome.app */;
			productType = "com.apple.product-type.application";
		};
/* End PBXNativeTarget section */

/* Begin PBXProject section */
		ED62F0E41E1A4FF10055813D /* Project object */ = {
			isa = PBXProject;
			attributes = {
				LastSwiftUpdateCheck = 0820;
				LastUpgradeCheck = 0820;
				ORGANIZATIONNAME = "PeoYao Ding";
				TargetAttributes = {
					ED62F0EB1E1A4FF10055813D = {
						CreatedOnToolsVersion = 8.2;
						DevelopmentTeam = 3RF3APL3S4;
						ProvisioningStyle = Automatic;
					};
				};
			};
			buildConfigurationList = ED62F0E71E1A4FF10055813D /* Build configuration list for PBXProject "MMYetronome" */;
			compatibilityVersion = "Xcode 3.2";
			developmentRegion = English;
			hasScannedForEncodings = 0;
			knownRegions = (
				en,
				Base,
			);
			mainGroup = ED62F0E31E1A4FF10055813D;
			productRefGroup = ED62F0ED1E1A4FF10055813D /* Products */;
			projectDirPath = "";
			projectRoot = "";
			targets = (
				ED62F0EB1E1A4FF10055813D /* MMYetronome */,
			);
		};
/* End PBXProject section */

/* Begin PBXResourcesBuildPhase section */
		ED62F0EA1E1A4FF10055813D /* Resources */ = {
			isa = PBXResourcesBuildPhase;
			buildActionMask = 2147483647;
			files = (
				ED62F0FA1E1A4FF10055813D /* LaunchScreen.storyboard in Resources */,
				ED62F0F71E1A4FF10055813D /* Assets.xcassets in Resources */,
				ED62F0F51E1A4FF10055813D /* Main.storyboard in Resources */,
			);
			runOnlyForDeploymentPostprocessing = 0;
		};
/* End PBXResourcesBuildPhase section */

/* Begin PBXShellScriptBuildPhase section */
		0C37CF4D6BA3B46AB3DFAA85 /* [CP] Copy Pods Resources */ = {
			isa = PBXShellScriptBuildPhase;
			buildActionMask = 2147483647;
			files = (
			);
			inputPaths = (
			);
			name = "[CP] Copy Pods Resources";
			outputPaths = (
			);
			runOnlyForDeploymentPostprocessing = 0;
			shellPath = /bin/sh;
			shellScript = "\"${SRCROOT}/Pods/Target Support Files/Pods-MMYetronome/Pods-MMYetronome-resources.sh\"\n";
			showEnvVarsInLog = 0;
		};
		2290077EACA2281B1874BC9E /* [CP] Check Pods Manifest.lock */ = {
			isa = PBXShellScriptBuildPhase;
			buildActionMask = 2147483647;
			files = (
			);
			inputPaths = (
			);
			name = "[CP] Check Pods Manifest.lock";
			outputPaths = (
			);
			runOnlyForDeploymentPostprocessing = 0;
			shellPath = /bin/sh;
			shellScript = "diff \"${PODS_ROOT}/../Podfile.lock\" \"${PODS_ROOT}/Manifest.lock\" > /dev/null\nif [ $? != 0 ] ; then\n    # print error to STDERR\n    echo \"error: The sandbox is not in sync with the Podfile.lock. Run 'pod install' or update your CocoaPods installation.\" >&2\n    exit 1\nfi\n";
			showEnvVarsInLog = 0;
		};
		586C8D091104E772AAE803D4 /* [CP] Embed Pods Frameworks */ = {
			isa = PBXShellScriptBuildPhase;
			buildActionMask = 2147483647;
			files = (
			);
			inputPaths = (
			);
			name = "[CP] Embed Pods Frameworks";
			outputPaths = (
			);
			runOnlyForDeploymentPostprocessing = 0;
			shellPath = /bin/sh;
			shellScript = "\"${SRCROOT}/Pods/Target Support Files/Pods-MMYetronome/Pods-MMYetronome-frameworks.sh\"\n";
			showEnvVarsInLog = 0;
		};
/* End PBXShellScriptBuildPhase section */

/* Begin PBXSourcesBuildPhase section */
		ED62F0E81E1A4FF10055813D /* Sources */ = {
			isa = PBXSourcesBuildPhase;
			buildActionMask = 2147483647;
			files = (
				ED578B811E5854EB004BFF32 /* MMYetronomeSetlistViewController.swift in Sources */,
				ED62F0F21E1A4FF10055813D /* MMYControllCenterViewController.swift in Sources */,
				ED62F0F01E1A4FF10055813D /* AppDelegate.swift in Sources */,
				ED62F1021E1A5E480055813D /* MMYetronome.swift in Sources */,
			);
			runOnlyForDeploymentPostprocessing = 0;
		};
/* End PBXSourcesBuildPhase section */

/* Begin PBXVariantGroup section */
		ED62F0F31E1A4FF10055813D /* Main.storyboard */ = {
			isa = PBXVariantGroup;
			children = (
				ED62F0F41E1A4FF10055813D /* Base */,
			);
			name = Main.storyboard;
			sourceTree = "<group>";
		};
		ED62F0F81E1A4FF10055813D /* LaunchScreen.storyboard */ = {
			isa = PBXVariantGroup;
			children = (
				ED62F0F91E1A4FF10055813D /* Base */,
			);
			name = LaunchScreen.storyboard;
			sourceTree = "<group>";
		};
/* End PBXVariantGroup section */

/* Begin XCBuildConfiguration section */
		ED62F0FC1E1A4FF10055813D /* Debug */ = {
			isa = XCBuildConfiguration;
			buildSettings = {
				ALWAYS_SEARCH_USER_PATHS = NO;
				CLANG_ANALYZER_NONNULL = YES;
				CLANG_CXX_LANGUAGE_STANDARD = "gnu++0x";
				CLANG_CXX_LIBRARY = "libc++";
				CLANG_ENABLE_MODULES = YES;
				CLANG_ENABLE_OBJC_ARC = YES;
				CLANG_WARN_BOOL_CONVERSION = YES;
				CLANG_WARN_CONSTANT_CONVERSION = YES;
				CLANG_WARN_DIRECT_OBJC_ISA_USAGE = YES_ERROR;
				CLANG_WARN_DOCUMENTATION_COMMENTS = YES;
				CLANG_WARN_EMPTY_BODY = YES;
				CLANG_WARN_ENUM_CONVERSION = YES;
				CLANG_WARN_INFINITE_RECURSION = YES;
				CLANG_WARN_INT_CONVERSION = YES;
				CLANG_WARN_OBJC_ROOT_CLASS = YES_ERROR;
				CLANG_WARN_SUSPICIOUS_MOVE = YES;
				CLANG_WARN_UNREACHABLE_CODE = YES;
				CLANG_WARN__DUPLICATE_METHOD_MATCH = YES;
				"CODE_SIGN_IDENTITY[sdk=iphoneos*]" = "iPhone Developer";
				COPY_PHASE_STRIP = NO;
				DEBUG_INFORMATION_FORMAT = dwarf;
				ENABLE_STRICT_OBJC_MSGSEND = YES;
				ENABLE_TESTABILITY = YES;
				GCC_C_LANGUAGE_STANDARD = gnu99;
				GCC_DYNAMIC_NO_PIC = NO;
				GCC_NO_COMMON_BLOCKS = YES;
				GCC_OPTIMIZATION_LEVEL = 0;
				GCC_PREPROCESSOR_DEFINITIONS = (
					"DEBUG=1",
					"$(inherited)",
				);
				GCC_WARN_64_TO_32_BIT_CONVERSION = YES;
				GCC_WARN_ABOUT_RETURN_TYPE = YES_ERROR;
				GCC_WARN_UNDECLARED_SELECTOR = YES;
				GCC_WARN_UNINITIALIZED_AUTOS = YES_AGGRESSIVE;
				GCC_WARN_UNUSED_FUNCTION = YES;
				GCC_WARN_UNUSED_VARIABLE = YES;
				IPHONEOS_DEPLOYMENT_TARGET = 10.2;
				MTL_ENABLE_DEBUG_INFO = YES;
				ONLY_ACTIVE_ARCH = YES;
				SDKROOT = iphoneos;
				SWIFT_ACTIVE_COMPILATION_CONDITIONS = DEBUG;
				SWIFT_OPTIMIZATION_LEVEL = "-Onone";
			};
			name = Debug;
		};
		ED62F0FD1E1A4FF10055813D /* Release */ = {
			isa = XCBuildConfiguration;
			buildSettings = {
				ALWAYS_SEARCH_USER_PATHS = NO;
				CLANG_ANALYZER_NONNULL = YES;
				CLANG_CXX_LANGUAGE_STANDARD = "gnu++0x";
				CLANG_CXX_LIBRARY = "libc++";
				CLANG_ENABLE_MODULES = YES;
				CLANG_ENABLE_OBJC_ARC = YES;
				CLANG_WARN_BOOL_CONVERSION = YES;
				CLANG_WARN_CONSTANT_CONVERSION = YES;
				CLANG_WARN_DIRECT_OBJC_ISA_USAGE = YES_ERROR;
				CLANG_WARN_DOCUMENTATION_COMMENTS = YES;
				CLANG_WARN_EMPTY_BODY = YES;
				CLANG_WARN_ENUM_CONVERSION = YES;
				CLANG_WARN_INFINITE_RECURSION = YES;
				CLANG_WARN_INT_CONVERSION = YES;
				CLANG_WARN_OBJC_ROOT_CLASS = YES_ERROR;
				CLANG_WARN_SUSPICIOUS_MOVE = YES;
				CLANG_WARN_UNREACHABLE_CODE = YES;
				CLANG_WARN__DUPLICATE_METHOD_MATCH = YES;
				"CODE_SIGN_IDENTITY[sdk=iphoneos*]" = "iPhone Developer";
				COPY_PHASE_STRIP = NO;
				DEBUG_INFORMATION_FORMAT = "dwarf-with-dsym";
				ENABLE_NS_ASSERTIONS = NO;
				ENABLE_STRICT_OBJC_MSGSEND = YES;
				GCC_C_LANGUAGE_STANDARD = gnu99;
				GCC_NO_COMMON_BLOCKS = YES;
				GCC_WARN_64_TO_32_BIT_CONVERSION = YES;
				GCC_WARN_ABOUT_RETURN_TYPE = YES_ERROR;
				GCC_WARN_UNDECLARED_SELECTOR = YES;
				GCC_WARN_UNINITIALIZED_AUTOS = YES_AGGRESSIVE;
				GCC_WARN_UNUSED_FUNCTION = YES;
				GCC_WARN_UNUSED_VARIABLE = YES;
				IPHONEOS_DEPLOYMENT_TARGET = 10.2;
				MTL_ENABLE_DEBUG_INFO = NO;
				SDKROOT = iphoneos;
				SWIFT_OPTIMIZATION_LEVEL = "-Owholemodule";
				VALIDATE_PRODUCT = YES;
			};
			name = Release;
		};
		ED62F0FF1E1A4FF10055813D /* Debug */ = {
			isa = XCBuildConfiguration;
			baseConfigurationReference = F01D1F1DBA0D65D431DB82F0 /* Pods-MMYetronome.debug.xcconfig */;
			buildSettings = {
				ASSETCATALOG_COMPILER_APPICON_NAME = AppIcon;
				DEVELOPMENT_TEAM = 3RF3APL3S4;
				INFOPLIST_FILE = MMYetronome/Info.plist;
				LD_RUNPATH_SEARCH_PATHS = "$(inherited) @executable_path/Frameworks";
				PRODUCT_BUNDLE_IDENTIFIER = MMY.MMYetronome;
				PRODUCT_NAME = "$(TARGET_NAME)";
				SWIFT_VERSION = 3.0;
			};
			name = Debug;
		};
		ED62F1001E1A4FF10055813D /* Release */ = {
			isa = XCBuildConfiguration;
			baseConfigurationReference = DBBA1825984A9A1A6799CD3C /* Pods-MMYetronome.release.xcconfig */;
			buildSettings = {
				ASSETCATALOG_COMPILER_APPICON_NAME = AppIcon;
				DEVELOPMENT_TEAM = 3RF3APL3S4;
				INFOPLIST_FILE = MMYetronome/Info.plist;
				LD_RUNPATH_SEARCH_PATHS = "$(inherited) @executable_path/Frameworks";
				PRODUCT_BUNDLE_IDENTIFIER = MMY.MMYetronome;
				PRODUCT_NAME = "$(TARGET_NAME)";
				SWIFT_VERSION = 3.0;
			};
			name = Release;
		};
/* End XCBuildConfiguration section */

/* Begin XCConfigurationList section */
		ED62F0E71E1A4FF10055813D /* Build configuration list for PBXProject "MMYetronome" */ = {
			isa = XCConfigurationList;
			buildConfigurations = (
				ED62F0FC1E1A4FF10055813D /* Debug */,
				ED62F0FD1E1A4FF10055813D /* Release */,
			);
			defaultConfigurationIsVisible = 0;
			defaultConfigurationName = Release;
		};
		ED62F0FE1E1A4FF10055813D /* Build configuration list for PBXNativeTarget "MMYetronome" */ = {
			isa = XCConfigurationList;
			buildConfigurations = (
				ED62F0FF1E1A4FF10055813D /* Debug */,
				ED62F1001E1A4FF10055813D /* Release */,
			);
			defaultConfigurationIsVisible = 0;
			defaultConfigurationName = Release;
		};
/* End XCConfigurationList section */
	};
	rootObject = ED62F0E41E1A4FF10055813D /* Project object */;
}
